{
  "version": 4,
  "terraform_version": "1.9.4",
  "serial": 23,
  "lineage": "0145a16e-1d8b-6dbd-c788-5d0e336fb9eb",
  "outputs": {},
  "resources": [
    {
      "mode": "managed",
      "type": "local_file",
      "name": "my_pet",
      "provider": "provider[\"registry.terraform.io/hashicorp/local\"]",
      "instances": [
        {
          "schema_version": 0,
          "attributes": {
            "content": "I hate cats",
            "content_base64": null,
            "content_base64sha256": "eKQN55VrXOR9FMqxb+SReCrknnmUGENvmwUVznAA0JI=",
            "content_base64sha512": "tcUBMQEgXVjNvsfcykIIV2jgnP4iLy6Ly7j8owZf8dPGV21wyMvSBCp0YUmnw2enx1BMlQ4Lmlkvw20QxX2LOg==",
            "content_md5": "b62875e95853b6129c925351fa79dee5",
            "content_sha1": "7a545387881790c692e544179ca27717f05f473a",
            "content_sha256": "78a40de7956b5ce47d14cab16fe491782ae49e799418436f9b0515ce7000d092",
            "content_sha512": "b5c5013101205d58cdbec7dcca42085768e09cfe222f2e8bcbb8fca3065ff1d3c6576d70c8cbd2042a746149a7c367a7c7504c950e0b9a592fc36d10c57d8b3a",
            "directory_permission": "0777",
            "file_permission": "0777",
            "filename": "pets.txt",
            "id": "7a545387881790c692e544179ca27717f05f473a",
            "sensitive_content": null,
            "source": null
          },
          "sensitive_attributes": [
            [
              {
                "type": "get_attr",
                "value": "sensitive_content"
              }
            ]
          ]
        }
      ]
    },
    {
      "mode": "managed",
      "type": "random_pet",
      "name": "petname",
      "provider": "provider[\"registry.terraform.io/hashicorp/random\"]",
      "instances": [
        {
          "schema_version": 0,
          "attributes": {
            "id": "MR.cobra",
            "keepers": null,
            "length": 1,
            "prefix": "MR",
            "separator": "."
          },
          "sensitive_attributes": []
        }
      ]
    }
  ],
  "check_results": null
}
